lockfileVersion: '9.0'

settings:
  autoInstallPeers: true
  excludeLinksFromLockfile: false

importers:

  .:
    dependencies:
      postprocessing:
        specifier: ^6.38.0
        version: 6.38.0(three@0.181.2)
      three:
        specifier: ^0.181.2
        version: 0.181.2

packages:

  postprocessing@6.38.0:
    resolution: {integrity: sha512-tisx8XN/PWTL3uXz2mt8bjlMS1wiOUSCK3ixi4zjwUCFmP8XW8hNhXwrxwd2zf2VmCyCQ3GUaLm7GLnkkBbDsQ==}
    peerDependencies:
      three: '>= 0.157.0 < 0.182.0'

  three@0.181.2:
    resolution: {integrity: sha512-k/CjiZ80bYss6Qs7/ex1TBlPD11whT9oKfT8oTGiHa34W4JRd1NiH/Tr1DbHWQ2/vMUypxksLnF2CfmlmM5XFQ==}

snapshots:

  postprocessing@6.38.0(three@0.181.2):
    dependencies:
      three: 0.181.2

  three@0.181.2: {}
